
Microsoft Visual Studio Solution File, Format Version 12.00
# Visual Studio Version 17
VisualStudioVersion = 17.3.32929.385
MinimumVisualStudioVersion = 10.0.40219.1
Project("{FAE04EC0-301F-11D3-BF4B-00C04F79EFBC}") = "v1", "v1\v1.csproj", "{EB32A21A-967E-4751-A055-537484503AE4}"
EndProject
Global
	GlobalSection(SolutionConfigurationPlatforms) = preSolution
		Debug|Any CPU = Debug|Any CPU
		Release|Any CPU = Release|Any CPU
	EndGlobalSection
	GlobalSection(ProjectConfigurationPlatforms) = postSolution
		{EB32A21A-967E-4751-A055-537484503AE4}.Debug|Any CPU.ActiveCfg = Debug|Any CPU
		{EB32A21A-967E-4751-A055-537484503AE4}.Debug|Any CPU.Build.0 = Debug|Any CPU
		{EB32A21A-967E-4751-A055-537484503AE4}.Release|Any CPU.ActiveCfg = Release|Any CPU
		{EB32A21A-967E-4751-A055-537484503AE4}.Release|Any CPU.Build.0 = Release|Any CPU
	EndGlobalSection
	GlobalSection(SolutionProperties) = preSolution
		HideSolutionNode = FALSE
	EndGlobalSection
	GlobalSection(ExtensibilityGlobals) = postSolution
		SolutionGuid = {63B17B48-9EC2-4548-AE5E-490E4944AA17}
	EndGlobalSection
EndGlobal
